// !$*UTF8*$!
{
	archiveVersion = 1;
	classes = {
	};
	objectVersion = 55;
	objects = {

/* Begin PBXBuildFile section */
		95A0E98B28CA6C0000F65AF2 /* TitleView.swift in Sources */ = {isa = PBXBuildFile; fileRef = 95A0E98A28CA6C0000F65AF2 /* TitleView.swift */; };
		95A0E98D28CA70AC00F65AF2 /* PullRequestView.swift in Sources */ = {isa = PBXBuildFile; fileRef = 95A0E98C28CA70AC00F65AF2 /* PullRequestView.swift */; };
		95A0E98F28CA72D700F65AF2 /* PaginationView.swift in Sources */ = {isa = PBXBuildFile; fileRef = 95A0E98E28CA72D700F65AF2 /* PaginationView.swift */; };
		95ABB2D928CA5179004D0155 /* ClosedPullRequestsApp.swift in Sources */ = {isa = PBXBuildFile; fileRef = 95ABB2B128CA5178004D0155 /* ClosedPullRequestsApp.swift */; };
		95ABB2DA28CA5179004D0155 /* ClosedPullRequestsApp.swift in Sources */ = {isa = PBXBuildFile; fileRef = 95ABB2B128CA5178004D0155 /* ClosedPullRequestsApp.swift */; };
		95ABB2DB28CA5179004D0155 /* ContentView.swift in Sources */ = {isa = PBXBuildFile; fileRef = 95ABB2B228CA5178004D0155 /* ContentView.swift */; };
		95ABB2DC28CA5179004D0155 /* ContentView.swift in Sources */ = {isa = PBXBuildFile; fileRef = 95ABB2B228CA5178004D0155 /* ContentView.swift */; };
		95ABB2DD28CA5179004D0155 /* Assets.xcassets in Resources */ = {isa = PBXBuildFile; fileRef = 95ABB2B328CA5179004D0155 /* Assets.xcassets */; };
		95ABB2DE28CA5179004D0155 /* Assets.xcassets in Resources */ = {isa = PBXBuildFile; fileRef = 95ABB2B328CA5179004D0155 /* Assets.xcassets */; };
		95B5BBF428CDFDB700167E5C /* Dummy.swift in Sources */ = {isa = PBXBuildFile; fileRef = 95B5BBF328CDFDB700167E5C /* Dummy.swift */; };
		95B5BBF528CDFDB700167E5C /* Dummy.swift in Sources */ = {isa = PBXBuildFile; fileRef = 95B5BBF328CDFDB700167E5C /* Dummy.swift */; };
		95C3EEF228CC8DDF00A86830 /* PullRequestRepo.swift in Sources */ = {isa = PBXBuildFile; fileRef = 95C3EEF128CC8DDF00A86830 /* PullRequestRepo.swift */; };
		95C3EEF428CC96A100A86830 /* PullRequest.swift in Sources */ = {isa = PBXBuildFile; fileRef = 95C3EEF328CC96A100A86830 /* PullRequest.swift */; };
		95C3EEFA28CDBFA200A86830 /* UserRepo.swift in Sources */ = {isa = PBXBuildFile; fileRef = 95C3EEF928CDBFA200A86830 /* UserRepo.swift */; };
		95C3EEFC28CDBFBD00A86830 /* User.swift in Sources */ = {isa = PBXBuildFile; fileRef = 95C3EEFB28CDBFBD00A86830 /* User.swift */; };
/* End PBXBuildFile section */

/* Begin PBXContainerItemProxy section */
		95ABB2C628CA5179004D0155 /* PBXContainerItemProxy */ = {
			isa = PBXContainerItemProxy;
			containerPortal = 95ABB2AC28CA5178004D0155 /* Project object */;
			proxyType = 1;
			remoteGlobalIDString = 95ABB2B728CA5179004D0155;
			remoteInfo = "closed_pull_requests (iOS)";
		};
		95ABB2D228CA5179004D0155 /* PBXContainerItemProxy */ = {
			isa = PBXContainerItemProxy;
			containerPortal = 95ABB2AC28CA5178004D0155 /* Project object */;
			proxyType = 1;
			remoteGlobalIDString = 95ABB2BD28CA5179004D0155;
			remoteInfo = "closed_pull_requests (macOS)";
		};
/* End PBXContainerItemProxy section */

/* Begin PBXFileReference section */
		95A0E98A28CA6C0000F65AF2 /* TitleView.swift */ = {isa = PBXFileReference; lastKnownFileType = sourcecode.swift; path = TitleView.swift; sourceTree = "<group>"; };
		95A0E98C28CA70AC00F65AF2 /* PullRequestView.swift */ = {isa = PBXFileReference; lastKnownFileType = sourcecode.swift; path = PullRequestView.swift; sourceTree = "<group>"; };
		95A0E98E28CA72D700F65AF2 /* PaginationView.swift */ = {isa = PBXFileReference; lastKnownFileType = sourcecode.swift; path = PaginationView.swift; sourceTree = "<group>"; };
		95ABB2B128CA5178004D0155 /* ClosedPullRequestsApp.swift */ = {isa = PBXFileReference; lastKnownFileType = sourcecode.swift; path = ClosedPullRequestsApp.swift; sourceTree = "<group>"; };
		95ABB2B228CA5178004D0155 /* ContentView.swift */ = {isa = PBXFileReference; indentWidth = 0; lastKnownFileType = sourcecode.swift; path = ContentView.swift; sourceTree = "<group>"; tabWidth = 1; };
		95ABB2B328CA5179004D0155 /* Assets.xcassets */ = {isa = PBXFileReference; lastKnownFileType = folder.assetcatalog; path = Assets.xcassets; sourceTree = "<group>"; };
		95ABB2B828CA5179004D0155 /* closed_pull_requests.app */ = {isa = PBXFileReference; explicitFileType = wrapper.application; includeInIndex = 0; path = closed_pull_requests.app; sourceTree = BUILT_PRODUCTS_DIR; };
		95ABB2BE28CA5179004D0155 /* closed_pull_requests.app */ = {isa = PBXFileReference; explicitFileType = wrapper.application; includeInIndex = 0; path = closed_pull_requests.app; sourceTree = BUILT_PRODUCTS_DIR; };
		95ABB2C028CA5179004D0155 /* macOS.entitlements */ = {isa = PBXFileReference; lastKnownFileType = text.plist.entitlements; path = macOS.entitlements; sourceTree = "<group>"; };
		95ABB2C528CA5179004D0155 /* Tests iOS.xctest */ = {isa = PBXFileReference; explicitFileType = wrapper.cfbundle; includeInIndex = 0; path = "Tests iOS.xctest"; sourceTree = BUILT_PRODUCTS_DIR; };
		95ABB2D128CA5179004D0155 /* Tests macOS.xctest */ = {isa = PBXFileReference; explicitFileType = wrapper.cfbundle; includeInIndex = 0; path = "Tests macOS.xctest"; sourceTree = BUILT_PRODUCTS_DIR; };
		95B5BBF328CDFDB700167E5C /* Dummy.swift */ = {isa = PBXFileReference; lastKnownFileType = sourcecode.swift; path = Dummy.swift; sourceTree = "<group>"; };
		95C3EEF128CC8DDF00A86830 /* PullRequestRepo.swift */ = {isa = PBXFileReference; lastKnownFileType = sourcecode.swift; path = PullRequestRepo.swift; sourceTree = "<group>"; };
		95C3EEF328CC96A100A86830 /* PullRequest.swift */ = {isa = PBXFileReference; lastKnownFileType = sourcecode.swift; path = PullRequest.swift; sourceTree = "<group>"; };
		95C3EEF928CDBFA200A86830 /* UserRepo.swift */ = {isa = PBXFileReference; lastKnownFileType = sourcecode.swift; path = UserRepo.swift; sourceTree = "<group>"; };
		95C3EEFB28CDBFBD00A86830 /* User.swift */ = {isa = PBXFileReference; lastKnownFileType = sourcecode.swift; path = User.swift; sourceTree = "<group>"; };
/* End PBXFileReference section */

/* Begin PBXFrameworksBuildPhase section */
		95ABB2B528CA5179004D0155 /* Frameworks */ = {
			isa = PBXFrameworksBuildPhase;
			buildActionMask = 2147483647;
			files = (
			);
			runOnlyForDeploymentPostprocessing = 0;
		};
		95ABB2BB28CA5179004D0155 /* Frameworks */ = {
			isa = PBXFrameworksBuildPhase;
			buildActionMask = 2147483647;
			files = (
			);
			runOnlyForDeploymentPostprocessing = 0;
		};
		95ABB2C228CA5179004D0155 /* Frameworks */ = {
			isa = PBXFrameworksBuildPhase;
			buildActionMask = 2147483647;
			files = (
			);
			runOnlyForDeploymentPostprocessing = 0;
		};
		95ABB2CE28CA5179004D0155 /* Frameworks */ = {
			isa = PBXFrameworksBuildPhase;
			buildActionMask = 2147483647;
			files = (
			);
			runOnlyForDeploymentPostprocessing = 0;
		};
/* End PBXFrameworksBuildPhase section */

/* Begin PBXGroup section */
		95A0E98728CA67E900F65AF2 /* App */ = {
			isa = PBXGroup;
			children = (
				95ABB2B128CA5178004D0155 /* ClosedPullRequestsApp.swift */,
				95ABB2B228CA5178004D0155 /* ContentView.swift */,
				95B5BBF328CDFDB700167E5C /* Dummy.swift */,
			);
			path = App;
			sourceTree = "<group>";
		};
		95A0E98828CA688300F65AF2 /* Model */ = {
			isa = PBXGroup;
			children = (
				95C3EEF328CC96A100A86830 /* PullRequest.swift */,
				95C3EEFB28CDBFBD00A86830 /* User.swift */,
			);
			path = Model;
			sourceTree = "<group>";
		};
		95A0E98928CA6B6C00F65AF2 /* UI */ = {
			isa = PBXGroup;
			children = (
				95A0E98A28CA6C0000F65AF2 /* TitleView.swift */,
				95A0E98C28CA70AC00F65AF2 /* PullRequestView.swift */,
				95A0E98E28CA72D700F65AF2 /* PaginationView.swift */,
			);
			path = UI;
			sourceTree = "<group>";
		};
		95ABB2AB28CA5178004D0155 = {
			isa = PBXGroup;
			children = (
				95ABB2B028CA5178004D0155 /* ClosedPullRequests */,
				95ABB2BF28CA5179004D0155 /* macOS */,
				95ABB2B928CA5179004D0155 /* Products */,
			);
			sourceTree = "<group>";
		};
		95ABB2B028CA5178004D0155 /* ClosedPullRequests */ = {
			isa = PBXGroup;
			children = (
				95C3EEF028CC8D2A00A86830 /* Repository */,
				95A0E98928CA6B6C00F65AF2 /* UI */,
				95A0E98828CA688300F65AF2 /* Model */,
				95A0E98728CA67E900F65AF2 /* App */,
				95ABB2B328CA5179004D0155 /* Assets.xcassets */,
			);
			path = ClosedPullRequests;
			sourceTree = "<group>";
		};
		95ABB2B928CA5179004D0155 /* Products */ = {
			isa = PBXGroup;
			children = (
				95ABB2B828CA5179004D0155 /* closed_pull_requests.app */,
				95ABB2BE28CA5179004D0155 /* closed_pull_requests.app */,
				95ABB2C528CA5179004D0155 /* Tests iOS.xctest */,
				95ABB2D128CA5179004D0155 /* Tests macOS.xctest */,
			);
			name = Products;
			sourceTree = "<group>";
		};
		95ABB2BF28CA5179004D0155 /* macOS */ = {
			isa = PBXGroup;
			children = (
				95ABB2C028CA5179004D0155 /* macOS.entitlements */,
			);
			path = macOS;
			sourceTree = "<group>";
		};
		95C3EEF028CC8D2A00A86830 /* Repository */ = {
			isa = PBXGroup;
			children = (
				95C3EEF128CC8DDF00A86830 /* PullRequestRepo.swift */,
				95C3EEF928CDBFA200A86830 /* UserRepo.swift */,
			);
			path = Repository;
			sourceTree = "<group>";
		};
/* End PBXGroup section */

/* Begin PBXNativeTarget section */
		95ABB2B728CA5179004D0155 /* closed_pull_requests (iOS) */ = {
			isa = PBXNativeTarget;
			buildConfigurationList = 95ABB2E128CA5179004D0155 /* Build configuration list for PBXNativeTarget "closed_pull_requests (iOS)" */;
			buildPhases = (
				95ABB2B428CA5179004D0155 /* Sources */,
				95ABB2B528CA5179004D0155 /* Frameworks */,
				95ABB2B628CA5179004D0155 /* Resources */,
			);
			buildRules = (
			);
			dependencies = (
			);
			name = "closed_pull_requests (iOS)";
			productName = "closed_pull_requests (iOS)";
			productReference = 95ABB2B828CA5179004D0155 /* closed_pull_requests.app */;
			productType = "com.apple.product-type.application";
		};
		95ABB2BD28CA5179004D0155 /* closed_pull_requests (macOS) */ = {
			isa = PBXNativeTarget;
			buildConfigurationList = 95ABB2E428CA5179004D0155 /* Build configuration list for PBXNativeTarget "closed_pull_requests (macOS)" */;
			buildPhases = (
				95ABB2BA28CA5179004D0155 /* Sources */,
				95ABB2BB28CA5179004D0155 /* Frameworks */,
				95ABB2BC28CA5179004D0155 /* Resources */,
			);
			buildRules = (
			);
			dependencies = (
			);
			name = "closed_pull_requests (macOS)";
			productName = "closed_pull_requests (macOS)";
			productReference = 95ABB2BE28CA5179004D0155 /* closed_pull_requests.app */;
			productType = "com.apple.product-type.application";
		};
		95ABB2C428CA5179004D0155 /* Tests iOS */ = {
			isa = PBXNativeTarget;
			buildConfigurationList = 95ABB2E728CA5179004D0155 /* Build configuration list for PBXNativeTarget "Tests iOS" */;
			buildPhases = (
				95ABB2C128CA5179004D0155 /* Sources */,
				95ABB2C228CA5179004D0155 /* Frameworks */,
				95ABB2C328CA5179004D0155 /* Resources */,
			);
			buildRules = (
			);
			dependencies = (
				95ABB2C728CA5179004D0155 /* PBXTargetDependency */,
			);
			name = "Tests iOS";
			productName = "Tests iOS";
			productReference = 95ABB2C528CA5179004D0155 /* Tests iOS.xctest */;
			productType = "com.apple.product-type.bundle.ui-testing";
		};
		95ABB2D028CA5179004D0155 /* Tests macOS */ = {
			isa = PBXNativeTarget;
			buildConfigurationList = 95ABB2EA28CA5179004D0155 /* Build configuration list for PBXNativeTarget "Tests macOS" */;
			buildPhases = (
				95ABB2CD28CA5179004D0155 /* Sources */,
				95ABB2CE28CA5179004D0155 /* Frameworks */,
				95ABB2CF28CA5179004D0155 /* Resources */,
			);
			buildRules = (
			);
			dependencies = (
				95ABB2D328CA5179004D0155 /* PBXTargetDependency */,
			);
			name = "Tests macOS";
			productName = "Tests macOS";
			productReference = 95ABB2D128CA5179004D0155 /* Tests macOS.xctest */;
			productType = "com.apple.product-type.bundle.ui-testing";
		};
/* End PBXNativeTarget section */

/* Begin PBXProject section */
		95ABB2AC28CA5178004D0155 /* Project object */ = {
			isa = PBXProject;
			attributes = {
				BuildIndependentTargetsInParallel = 1;
				LastSwiftUpdateCheck = 1340;
				LastUpgradeCheck = 1340;
				TargetAttributes = {
					95ABB2B728CA5179004D0155 = {
						CreatedOnToolsVersion = 13.4.1;
					};
					95ABB2BD28CA5179004D0155 = {
						CreatedOnToolsVersion = 13.4.1;
					};
					95ABB2C428CA5179004D0155 = {
						CreatedOnToolsVersion = 13.4.1;
						TestTargetID = 95ABB2B728CA5179004D0155;
					};
					95ABB2D028CA5179004D0155 = {
						CreatedOnToolsVersion = 13.4.1;
						TestTargetID = 95ABB2BD28CA5179004D0155;
					};
				};
			};
			buildConfigurationList = 95ABB2AF28CA5178004D0155 /* Build configuration list for PBXProject "closed_pull_requests" */;
			compatibilityVersion = "Xcode 13.0";
			developmentRegion = en;
			hasScannedForEncodings = 0;
			knownRegions = (
				en,
				Base,
			);
			mainGroup = 95ABB2AB28CA5178004D0155;
			productRefGroup = 95ABB2B928CA5179004D0155 /* Products */;
			projectDirPath = "";
			projectRoot = "";
			targets = (
				95ABB2B728CA5179004D0155 /* closed_pull_requests (iOS) */,
				95ABB2BD28CA5179004D0155 /* closed_pull_requests (macOS) */,
				95ABB2C428CA5179004D0155 /* Tests iOS */,
				95ABB2D028CA5179004D0155 /* Tests macOS */,
			);
		};
/* End PBXProject section */

/* Begin PBXResourcesBuildPhase section */
		95ABB2B628CA5179004D0155 /* Resources */ = {
			isa = PBXResourcesBuildPhase;
			buildActionMask = 2147483647;
			files = (
				95ABB2DD28CA5179004D0155 /* Assets.xcassets in Resources */,
			);
			runOnlyForDeploymentPostprocessing = 0;
		};
		95ABB2BC28CA5179004D0155 /* Resources */ = {
			isa = PBXResourcesBuildPhase;
			buildActionMask = 2147483647;
			files = (
				95ABB2DE28CA5179004D0155 /* Assets.xcassets in Resources */,
			);
			runOnlyForDeploymentPostprocessing = 0;
		};
		95ABB2C328CA5179004D0155 /* Resources */ = {
			isa = PBXResourcesBuildPhase;
			buildActionMask = 2147483647;
			files = (
			);
			runOnlyForDeploymentPostprocessing = 0;
		};
		95ABB2CF28CA5179004D0155 /* Resources */ = {
			isa = PBXResourcesBuildPhase;
			buildActionMask = 2147483647;
			files = (
			);
			runOnlyForDeploymentPostprocessing = 0;
		};
/* End PBXResourcesBuildPhase section */

/* Begin PBXSourcesBuildPhase section */
		95ABB2B428CA5179004D0155 /* Sources */ = {
			isa = PBXSourcesBuildPhase;
			buildActionMask = 2147483647;
			files = (
				95ABB2DB28CA5179004D0155 /* ContentView.swift in Sources */,
				95A0E98D28CA70AC00F65AF2 /* PullRequestView.swift in Sources */,
				95B5BBF428CDFDB700167E5C /* Dummy.swift in Sources */,
				95C3EEF428CC96A100A86830 /* PullRequest.swift in Sources */,
				95ABB2D928CA5179004D0155 /* ClosedPullRequestsApp.swift in Sources */,
				95A0E98F28CA72D700F65AF2 /* PaginationView.swift in Sources */,
				95C3EEFC28CDBFBD00A86830 /* User.swift in Sources */,
				95C3EEF228CC8DDF00A86830 /* PullRequestRepo.swift in Sources */,
				95C3EEFA28CDBFA200A86830 /* UserRepo.swift in Sources */,
				95A0E98B28CA6C0000F65AF2 /* TitleView.swift in Sources */,
			);
			runOnlyForDeploymentPostprocessing = 0;
		};
		95ABB2BA28CA5179004D0155 /* Sources */ = {
			isa = PBXSourcesBuildPhase;
			buildActionMask = 2147483647;
			files = (
				95ABB2DC28CA5179004D0155 /* ContentView.swift in Sources */,
				95B5BBF528CDFDB700167E5C /* Dummy.swift in Sources */,
				95ABB2DA28CA5179004D0155 /* ClosedPullRequestsApp.swift in Sources */,
			);
			runOnlyForDeploymentPostprocessing = 0;
		};
		95ABB2C128CA5179004D0155 /* Sources */ = {
			isa = PBXSourcesBuildPhase;
			buildActionMask = 2147483647;
			files = (
			);
			runOnlyForDeploymentPostprocessing = 0;
		};
		95ABB2CD28CA5179004D0155 /* Sources */ = {
			isa = PBXSourcesBuildPhase;
			buildActionMask = 2147483647;
			files = (
			);
			runOnlyForDeploymentPostprocessing = 0;
		};
/* End PBXSourcesBuildPhase section */

/* Begin PBXTargetDependency section */
		95ABB2C728CA5179004D0155 /* PBXTargetDependency */ = {
			isa = PBXTargetDependency;
			target = 95ABB2B728CA5179004D0155 /* closed_pull_requests (iOS) */;
			targetProxy = 95ABB2C628CA5179004D0155 /* PBXContainerItemProxy */;
		};
		95ABB2D328CA5179004D0155 /* PBXTargetDependency */ = {
			isa = PBXTargetDependency;
			target = 95ABB2BD28CA5179004D0155 /* closed_pull_requests (macOS) */;
			targetProxy = 95ABB2D228CA5179004D0155 /* PBXContainerItemProxy */;
		};
/* End PBXTargetDependency section */

/* Begin XCBuildConfiguration section */
		95ABB2DF28CA5179004D0155 /* Debug */ = {
			isa = XCBuildConfiguration;
			buildSettings = {
				ALWAYS_SEARCH_USER_PATHS = NO;
				CLANG_ANALYZER_NONNULL = YES;
				CLANG_ANALYZER_NUMBER_OBJECT_CONVERSION = YES_AGGRESSIVE;
				CLANG_CXX_LANGUAGE_STANDARD = "gnu++17";
				CLANG_ENABLE_MODULES = YES;
				CLANG_ENABLE_OBJC_ARC = YES;
				CLANG_ENABLE_OBJC_WEAK = YES;
				CLANG_WARN_BLOCK_CAPTURE_AUTORELEASING = YES;
				CLANG_WARN_BOOL_CONVERSION = YES;
				CLANG_WARN_COMMA = YES;
				CLANG_WARN_CONSTANT_CONVERSION = YES;
				CLANG_WARN_DEPRECATED_OBJC_IMPLEMENTATIONS = YES;
				CLANG_WARN_DIRECT_OBJC_ISA_USAGE = YES_ERROR;
				CLANG_WARN_DOCUMENTATION_COMMENTS = YES;
				CLANG_WARN_EMPTY_BODY = YES;
				CLANG_WARN_ENUM_CONVERSION = YES;
				CLANG_WARN_INFINITE_RECURSION = YES;
				CLANG_WARN_INT_CONVERSION = YES;
				CLANG_WARN_NON_LITERAL_NULL_CONVERSION = YES;
				CLANG_WARN_OBJC_IMPLICIT_RETAIN_SELF = YES;
				CLANG_WARN_OBJC_LITERAL_CONVERSION = YES;
				CLANG_WARN_OBJC_ROOT_CLASS = YES_ERROR;
				CLANG_WARN_QUOTED_INCLUDE_IN_FRAMEWORK_HEADER = YES;
				CLANG_WARN_RANGE_LOOP_ANALYSIS = YES;
				CLANG_WARN_STRICT_PROTOTYPES = YES;
				CLANG_WARN_SUSPICIOUS_MOVE = YES;
				CLANG_WARN_UNGUARDED_AVAILABILITY = YES_AGGRESSIVE;
				CLANG_WARN_UNREACHABLE_CODE = YES;
				CLANG_WARN__DUPLICATE_METHOD_MATCH = YES;
				COPY_PHASE_STRIP = NO;
				DEBUG_INFORMATION_FORMAT = dwarf;
				ENABLE_STRICT_OBJC_MSGSEND = YES;
				ENABLE_TESTABILITY = YES;
				GCC_C_LANGUAGE_STANDARD = gnu11;
				GCC_DYNAMIC_NO_PIC = NO;
				GCC_NO_COMMON_BLOCKS = YES;
				GCC_OPTIMIZATION_LEVEL = 0;
				GCC_PREPROCESSOR_DEFINITIONS = (
					"DEBUG=1",
					"$(inherited)",
				);
				GCC_WARN_64_TO_32_BIT_CONVERSION = YES;
				GCC_WARN_ABOUT_RETURN_TYPE = YES_ERROR;
				GCC_WARN_UNDECLARED_SELECTOR = YES;
				GCC_WARN_UNINITIALIZED_AUTOS = YES_AGGRESSIVE;
				GCC_WARN_UNUSED_FUNCTION = YES;
				GCC_WARN_UNUSED_VARIABLE = YES;
				MTL_ENABLE_DEBUG_INFO = INCLUDE_SOURCE;
				MTL_FAST_MATH = YES;
				ONLY_ACTIVE_ARCH = YES;
				SWIFT_ACTIVE_COMPILATION_CONDITIONS = DEBUG;
				SWIFT_OPTIMIZATION_LEVEL = "-Onone";
			};
			name = Debug;
		};
		95ABB2E028CA5179004D0155 /* Release */ = {
			isa = XCBuildConfiguration;
			buildSettings = {
				ALWAYS_SEARCH_USER_PATHS = NO;
				CLANG_ANALYZER_NONNULL = YES;
				CLANG_ANALYZER_NUMBER_OBJECT_CONVERSION = YES_AGGRESSIVE;
				CLANG_CXX_LANGUAGE_STANDARD = "gnu++17";
				CLANG_ENABLE_MODULES = YES;
				CLANG_ENABLE_OBJC_ARC = YES;
				CLANG_ENABLE_OBJC_WEAK = YES;
				CLANG_WARN_BLOCK_CAPTURE_AUTORELEASING = YES;
				CLANG_WARN_BOOL_CONVERSION = YES;
				CLANG_WARN_COMMA = YES;
				CLANG_WARN_CONSTANT_CONVERSION = YES;
				CLANG_WARN_DEPRECATED_OBJC_IMPLEMENTATIONS = YES;
				CLANG_WARN_DIRECT_OBJC_ISA_USAGE = YES_ERROR;
				CLANG_WARN_DOCUMENTATION_COMMENTS = YES;
				CLANG_WARN_EMPTY_BODY = YES;
				CLANG_WARN_ENUM_CONVERSION = YES;
				CLANG_WARN_INFINITE_RECURSION = YES;
				CLANG_WARN_INT_CONVERSION = YES;
				CLANG_WARN_NON_LITERAL_NULL_CONVERSION = YES;
				CLANG_WARN_OBJC_IMPLICIT_RETAIN_SELF = YES;
				CLANG_WARN_OBJC_LITERAL_CONVERSION = YES;
				CLANG_WARN_OBJC_ROOT_CLASS = YES_ERROR;
				CLANG_WARN_QUOTED_INCLUDE_IN_FRAMEWORK_HEADER = YES;
				CLANG_WARN_RANGE_LOOP_ANALYSIS = YES;
				CLANG_WARN_STRICT_PROTOTYPES = YES;
				CLANG_WARN_SUSPICIOUS_MOVE = YES;
				CLANG_WARN_UNGUARDED_AVAILABILITY = YES_AGGRESSIVE;
				CLANG_WARN_UNREACHABLE_CODE = YES;
				CLANG_WARN__DUPLICATE_METHOD_MATCH = YES;
				COPY_PHASE_STRIP = NO;
				DEBUG_INFORMATION_FORMAT = "dwarf-with-dsym";
				ENABLE_NS_ASSERTIONS = NO;
				ENABLE_STRICT_OBJC_MSGSEND = YES;
				GCC_C_LANGUAGE_STANDARD = gnu11;
				GCC_NO_COMMON_BLOCKS = YES;
				GCC_WARN_64_TO_32_BIT_CONVERSION = YES;
				GCC_WARN_ABOUT_RETURN_TYPE = YES_ERROR;
				GCC_WARN_UNDECLARED_SELECTOR = YES;
				GCC_WARN_UNINITIALIZED_AUTOS = YES_AGGRESSIVE;
				GCC_WARN_UNUSED_FUNCTION = YES;
				GCC_WARN_UNUSED_VARIABLE = YES;
				MTL_ENABLE_DEBUG_INFO = NO;
				MTL_FAST_MATH = YES;
				SWIFT_COMPILATION_MODE = wholemodule;
				SWIFT_OPTIMIZATION_LEVEL = "-O";
			};
			name = Release;
		};
		95ABB2E228CA5179004D0155 /* Debug */ = {
			isa = XCBuildConfiguration;
			buildSettings = {
				ASSETCATALOG_COMPILER_APPICON_NAME = AppIcon;
				ASSETCATALOG_COMPILER_GLOBAL_ACCENT_COLOR_NAME = AccentColor;
				CODE_SIGN_STYLE = Automatic;
				CURRENT_PROJECT_VERSION = 1;
				DEVELOPMENT_TEAM = 34MZU2Y8XA;
				ENABLE_PREVIEWS = YES;
				GENERATE_INFOPLIST_FILE = YES;
				INFOPLIST_KEY_UIApplicationSceneManifest_Generation = YES;
				INFOPLIST_KEY_UIApplicationSupportsIndirectInputEvents = YES;
				INFOPLIST_KEY_UILaunchScreen_Generation = YES;
				INFOPLIST_KEY_UISupportedInterfaceOrientations_iPad = "UIInterfaceOrientationPortrait UIInterfaceOrientationPortraitUpsideDown UIInterfaceOrientationLandscapeLeft UIInterfaceOrientationLandscapeRight";
				INFOPLIST_KEY_UISupportedInterfaceOrientations_iPhone = "UIInterfaceOrientationPortrait UIInterfaceOrientationLandscapeLeft UIInterfaceOrientationLandscapeRight";
				IPHONEOS_DEPLOYMENT_TARGET = 15.5;
				LD_RUNPATH_SEARCH_PATHS = (
					"$(inherited)",
					"@executable_path/Frameworks",
				);
				MARKETING_VERSION = 1.0;
				PRODUCT_BUNDLE_IDENTIFIER = "com.dkp.closed-pull-requests";
				PRODUCT_NAME = closed_pull_requests;
				SDKROOT = iphoneos;
				SWIFT_EMIT_LOC_STRINGS = YES;
				SWIFT_VERSION = 5.0;
				TARGETED_DEVICE_FAMILY = "1,2";
			};
			name = Debug;
		};
		95ABB2E328CA5179004D0155 /* Release */ = {
			isa = XCBuildConfiguration;
			buildSettings = {
				ASSETCATALOG_COMPILER_APPICON_NAME = AppIcon;
				ASSETCATALOG_COMPILER_GLOBAL_ACCENT_COLOR_NAME = AccentColor;
				CODE_SIGN_STYLE = Automatic;
				CURRENT_PROJECT_VERSION = 1;
				DEVELOPMENT_TEAM = 34MZU2Y8XA;
				ENABLE_PREVIEWS = YES;
				GENERATE_INFOPLIST_FILE = YES;
				INFOPLIST_KEY_UIApplicationSceneManifest_Generation = YES;
				INFOPLIST_KEY_UIApplicationSupportsIndirectInputEvents = YES;
				INFOPLIST_KEY_UILaunchScreen_Generation = YES;
				INFOPLIST_KEY_UISupportedInterfaceOrientations_iPad = "UIInterfaceOrientationPortrait UIInterfaceOrientationPortraitUpsideDown UIInterfaceOrientationLandscapeLeft UIInterfaceOrientationLandscapeRight";
				INFOPLIST_KEY_UISupportedInterfaceOrientations_iPhone = "UIInterfaceOrientationPortrait UIInterfaceOrientationLandscapeLeft UIInterfaceOrientationLandscapeRight";
				IPHONEOS_DEPLOYMENT_TARGET = 15.5;
				LD_RUNPATH_SEARCH_PATHS = (
					"$(inherited)",
					"@executable_path/Frameworks",
				);
				MARKETING_VERSION = 1.0;
				PRODUCT_BUNDLE_IDENTIFIER = "com.dkp.closed-pull-requests";
				PRODUCT_NAME = closed_pull_requests;
				SDKROOT = iphoneos;
				SWIFT_EMIT_LOC_STRINGS = YES;
				SWIFT_VERSION = 5.0;
				TARGETED_DEVICE_FAMILY = "1,2";
				VALIDATE_PRODUCT = YES;
			};
			name = Release;
		};
		95ABB2E528CA5179004D0155 /* Debug */ = {
			isa = XCBuildConfiguration;
			buildSettings = {
				ASSETCATALOG_COMPILER_APPICON_NAME = AppIcon;
				ASSETCATALOG_COMPILER_GLOBAL_ACCENT_COLOR_NAME = AccentColor;
				CODE_SIGN_ENTITLEMENTS = macOS/macOS.entitlements;
				CODE_SIGN_STYLE = Automatic;
				COMBINE_HIDPI_IMAGES = YES;
				CURRENT_PROJECT_VERSION = 1;
				DEVELOPMENT_TEAM = 34MZU2Y8XA;
				ENABLE_HARDENED_RUNTIME = YES;
				ENABLE_PREVIEWS = YES;
				GENERATE_INFOPLIST_FILE = YES;
				INFOPLIST_KEY_NSHumanReadableCopyright = "";
				LD_RUNPATH_SEARCH_PATHS = (
					"$(inherited)",
					"@executable_path/../Frameworks",
				);
				MACOSX_DEPLOYMENT_TARGET = 12.3;
				MARKETING_VERSION = 1.0;
				PRODUCT_BUNDLE_IDENTIFIER = "com.dkp.closed-pull-requests";
				PRODUCT_NAME = closed_pull_requests;
				SDKROOT = macosx;
				SWIFT_EMIT_LOC_STRINGS = YES;
				SWIFT_VERSION = 5.0;
			};
			name = Debug;
		};
		95ABB2E628CA5179004D0155 /* Release */ = {
			isa = XCBuildConfiguration;
			buildSettings = {
				ASSETCATALOG_COMPILER_APPICON_NAME = AppIcon;
				ASSETCATALOG_COMPILER_GLOBAL_ACCENT_COLOR_NAME = AccentColor;
				CODE_SIGN_ENTITLEMENTS = macOS/macOS.entitlements;
				CODE_SIGN_STYLE = Automatic;
				COMBINE_HIDPI_IMAGES = YES;
				CURRENT_PROJECT_VERSION = 1;
				DEVELOPMENT_TEAM = 34MZU2Y8XA;
				ENABLE_HARDENED_RUNTIME = YES;
				ENABLE_PREVIEWS = YES;
				GENERATE_INFOPLIST_FILE = YES;
				INFOPLIST_KEY_NSHumanReadableCopyright = "";
				LD_RUNPATH_SEARCH_PATHS = (
					"$(inherited)",
					"@executable_path/../Frameworks",
				);
				MACOSX_DEPLOYMENT_TARGET = 12.3;
				MARKETING_VERSION = 1.0;
				PRODUCT_BUNDLE_IDENTIFIER = "com.dkp.closed-pull-requests";
				PRODUCT_NAME = closed_pull_requests;
				SDKROOT = macosx;
				SWIFT_EMIT_LOC_STRINGS = YES;
				SWIFT_VERSION = 5.0;
			};
			name = Release;
		};
		95ABB2E828CA5179004D0155 /* Debug */ = {
			isa = XCBuildConfiguration;
			buildSettings = {
				ALWAYS_EMBED_SWIFT_STANDARD_LIBRARIES = YES;
				CODE_SIGN_STYLE = Automatic;
				CURRENT_PROJECT_VERSION = 1;
				DEVELOPMENT_TEAM = 34MZU2Y8XA;
				GENERATE_INFOPLIST_FILE = YES;
				IPHONEOS_DEPLOYMENT_TARGET = 15.5;
				MARKETING_VERSION = 1.0;
				PRODUCT_BUNDLE_IDENTIFIER = "com.dkp.Tests-iOS";
				PRODUCT_NAME = "$(TARGET_NAME)";
				SDKROOT = iphoneos;
				SWIFT_EMIT_LOC_STRINGS = NO;
				SWIFT_VERSION = 5.0;
				TARGETED_DEVICE_FAMILY = "1,2";
				TEST_TARGET_NAME = "closed_pull_requests (iOS)";
			};
			name = Debug;
		};
		95ABB2E928CA5179004D0155 /* Release */ = {
			isa = XCBuildConfiguration;
			buildSettings = {
				ALWAYS_EMBED_SWIFT_STANDARD_LIBRARIES = YES;
				CODE_SIGN_STYLE = Automatic;
				CURRENT_PROJECT_VERSION = 1;
				DEVELOPMENT_TEAM = 34MZU2Y8XA;
				GENERATE_INFOPLIST_FILE = YES;
				IPHONEOS_DEPLOYMENT_TARGET = 15.5;
				MARKETING_VERSION = 1.0;
				PRODUCT_BUNDLE_IDENTIFIER = "com.dkp.Tests-iOS";
				PRODUCT_NAME = "$(TARGET_NAME)";
				SDKROOT = iphoneos;
				SWIFT_EMIT_LOC_STRINGS = NO;
				SWIFT_VERSION = 5.0;
				TARGETED_DEVICE_FAMILY = "1,2";
				TEST_TARGET_NAME = "closed_pull_requests (iOS)";
				VALIDATE_PRODUCT = YES;
			};
			name = Release;
		};
		95ABB2EB28CA5179004D0155 /* Debug */ = {
			isa = XCBuildConfiguration;
			buildSettings = {
				ALWAYS_EMBED_SWIFT_STANDARD_LIBRARIES = YES;
				CODE_SIGN_STYLE = Automatic;
				CURRENT_PROJECT_VERSION = 1;
				DEVELOPMENT_TEAM = 34MZU2Y8XA;
				GENERATE_INFOPLIST_FILE = YES;
				MACOSX_DEPLOYMENT_TARGET = 12.3;
				MARKETING_VERSION = 1.0;
				PRODUCT_BUNDLE_IDENTIFIER = "com.dkp.Tests-macOS";
				PRODUCT_NAME = "$(TARGET_NAME)";
				SDKROOT = macosx;
				SWIFT_EMIT_LOC_STRINGS = NO;
				SWIFT_VERSION = 5.0;
				TEST_TARGET_NAME = "closed_pull_requests (macOS)";
			};
			name = Debug;
		};
		95ABB2EC28CA5179004D0155 /* Release */ = {
			isa = XCBuildConfiguration;
			buildSettings = {
				ALWAYS_EMBED_SWIFT_STANDARD_LIBRARIES = YES;
				CODE_SIGN_STYLE = Automatic;
				CURRENT_PROJECT_VERSION = 1;
				DEVELOPMENT_TEAM = 34MZU2Y8XA;
				GENERATE_INFOPLIST_FILE = YES;
				MACOSX_DEPLOYMENT_TARGET = 12.3;
				MARKETING_VERSION = 1.0;
				PRODUCT_BUNDLE_IDENTIFIER = "com.dkp.Tests-macOS";
				PRODUCT_NAME = "$(TARGET_NAME)";
				SDKROOT = macosx;
				SWIFT_EMIT_LOC_STRINGS = NO;
				SWIFT_VERSION = 5.0;
				TEST_TARGET_NAME = "closed_pull_requests (macOS)";
			};
			name = Release;
		};
/* End XCBuildConfiguration section */

/* Begin XCConfigurationList section */
		95ABB2AF28CA5178004D0155 /* Build configuration list for PBXProject "closed_pull_requests" */ = {
			isa = XCConfigurationList;
			buildConfigurations = (
				95ABB2DF28CA5179004D0155 /* Debug */,
				95ABB2E028CA5179004D0155 /* Release */,
			);
			defaultConfigurationIsVisible = 0;
			defaultConfigurationName = Release;
		};
		95ABB2E128CA5179004D0155 /* Build configuration list for PBXNativeTarget "closed_pull_requests (iOS)" */ = {
			isa = XCConfigurationList;
			buildConfigurations = (
				95ABB2E228CA5179004D0155 /* Debug */,
				95ABB2E328CA5179004D0155 /* Release */,
			);
			defaultConfigurationIsVisible = 0;
			defaultConfigurationName = Release;
		};
		95ABB2E428CA5179004D0155 /* Build configuration list for PBXNativeTarget "closed_pull_requests (macOS)" */ = {
			isa = XCConfigurationList;
			buildConfigurations = (
				95ABB2E528CA5179004D0155 /* Debug */,
				95ABB2E628CA5179004D0155 /* Release */,
			);
			defaultConfigurationIsVisible = 0;
			defaultConfigurationName = Release;
		};
		95ABB2E728CA5179004D0155 /* Build configuration list for PBXNativeTarget "Tests iOS" */ = {
			isa = XCConfigurationList;
			buildConfigurations = (
				95ABB2E828CA5179004D0155 /* Debug */,
				95ABB2E928CA5179004D0155 /* Release */,
			);
			defaultConfigurationIsVisible = 0;
			defaultConfigurationName = Release;
		};
		95ABB2EA28CA5179004D0155 /* Build configuration list for PBXNativeTarget "Tests macOS" */ = {
			isa = XCConfigurationList;
			buildConfigurations = (
				95ABB2EB28CA5179004D0155 /* Debug */,
				95ABB2EC28CA5179004D0155 /* Release */,
			);
			defaultConfigurationIsVisible = 0;
			defaultConfigurationName = Release;
		};
/* End XCConfigurationList section */
	};
	rootObject = 95ABB2AC28CA5178004D0155 /* Project object */;
}
